<?xml version="1.0" encoding="utf-8"?>
<Project ToolsVersion="4.0" xmlns="http://schemas.microsoft.com/developer/msbuild/2003">
  <ItemGroup>
    <Filter Include="Source">
      <UniqueIdentifier>{4FC737F1-C7A5-4376-A066-2A32D752A2FF}</UniqueIdentifier>
      <Extensions>cpp;c;cc;cxx;c++;cppm;ixx;def;odl;idl;hpj;bat;asm;asmx</Extensions>
    </Filter>
    <Filter Include="Res">
      <UniqueIdentifier>{67DA6AB6-F800-4c08-8B7A-83BB121AAD01}</UniqueIdentifier>
      <Extensions>rc;ico;cur;bmp;dlg;rc2;rct;bin;rgs;gif;jpg;jpeg;jpe;resx;tiff;tif;png;wav;mfcribbon-ms</Extensions>
    </Filter>
    <Filter Include="Includes">
      <UniqueIdentifier>{93995380-89BD-4b04-88EB-625FBE52EBFB}</UniqueIdentifier>
      <Extensions>h;hh;hpp;hxx;h++;hm;inl;inc;ipp;xsd</Extensions>
    </Filter>
    <Filter Include="Includes\Include">
      <UniqueIdentifier>{f3042730-5298-4b47-8a55-eb4eb27a5f99}</UniqueIdentifier>
    </Filter>
  </ItemGroup>
  <ItemGroup>
    <ClInclude Include="pch.h">
      <Filter>Includes</Filter>
    </ClInclude>
    <ClInclude Include="MyCrypto.h">
      <Filter>Includes</Filter>
    </ClInclude>
    <ClInclude Include="Include\arm_simd.h">
      <Filter>Includes\Include</Filter>
    </ClInclude>
    <ClInclude Include="Include\asn.h">
      <Filter>Includes\Include</Filter>
    </ClInclude>
    <ClInclude Include="Include\authenc.h">
      <Filter>Includes\Include</Filter>
    </ClInclude>
    <ClInclude Include="Include\base32.h">
      <Filter>Includes\Include</Filter>
    </ClInclude>
    <ClInclude Include="Include\base64.h">
      <Filter>Includes\Include</Filter>
    </ClInclude>
    <ClInclude Include="Include\basecode.h">
      <Filter>Includes\Include</Filter>
    </ClInclude>
    <ClInclude Include="Include\bench.h">
      <Filter>Includes\Include</Filter>
    </ClInclude>
    <ClInclude Include="Include\blake2.h">
      <Filter>Includes\Include</Filter>
    </ClInclude>
    <ClInclude Include="Include\blowfish.h">
      <Filter>Includes\Include</Filter>
    </ClInclude>
    <ClInclude Include="Include\blumshub.h">
      <Filter>Includes\Include</Filter>
    </ClInclude>
    <ClInclude Include="Include\camellia.h">
      <Filter>Includes\Include</Filter>
    </ClInclude>
    <ClInclude Include="Include\cast.h">
      <Filter>Includes\Include</Filter>
    </ClInclude>
    <ClInclude Include="Include\cbcmac.h">
      <Filter>Includes\Include</Filter>
    </ClInclude>
    <ClInclude Include="Include\ccm.h">
      <Filter>Includes\Include</Filter>
    </ClInclude>
    <ClInclude Include="Include\chacha.h">
      <Filter>Includes\Include</Filter>
    </ClInclude>
    <ClInclude Include="Include\chachapoly.h">
      <Filter>Includes\Include</Filter>
    </ClInclude>
    <ClInclude Include="Include\cham.h">
      <Filter>Includes\Include</Filter>
    </ClInclude>
    <ClInclude Include="Include\channels.h">
      <Filter>Includes\Include</Filter>
    </ClInclude>
    <ClInclude Include="Include\cmac.h">
      <Filter>Includes\Include</Filter>
    </ClInclude>
    <ClInclude Include="Include\config.h">
      <Filter>Includes\Include</Filter>
    </ClInclude>
    <ClInclude Include="Include\config_align.h">
      <Filter>Includes\Include</Filter>
    </ClInclude>
    <ClInclude Include="Include\config_asm.h">
      <Filter>Includes\Include</Filter>
    </ClInclude>
    <ClInclude Include="Include\config_cpu.h">
      <Filter>Includes\Include</Filter>
    </ClInclude>
    <ClInclude Include="Include\config_cxx.h">
      <Filter>Includes\Include</Filter>
    </ClInclude>
    <ClInclude Include="Include\config_dll.h">
      <Filter>Includes\Include</Filter>
    </ClInclude>
    <ClInclude Include="Include\config_int.h">
      <Filter>Includes\Include</Filter>
    </ClInclude>
    <ClInclude Include="Include\config_misc.h">
      <Filter>Includes\Include</Filter>
    </ClInclude>
    <ClInclude Include="Include\config_ns.h">
      <Filter>Includes\Include</Filter>
    </ClInclude>
    <ClInclude Include="Include\config_os.h">
      <Filter>Includes\Include</Filter>
    </ClInclude>
    <ClInclude Include="Include\config_ver.h">
      <Filter>Includes\Include</Filter>
    </ClInclude>
    <ClInclude Include="Include\cpu.h">
      <Filter>Includes\Include</Filter>
    </ClInclude>
    <ClInclude Include="Include\crc.h">
      <Filter>Includes\Include</Filter>
    </ClInclude>
    <ClInclude Include="Include\cryptlib.h">
      <Filter>Includes\Include</Filter>
    </ClInclude>
    <ClInclude Include="Include\darn.h">
      <Filter>Includes\Include</Filter>
    </ClInclude>
    <ClInclude Include="Include\default.h">
      <Filter>Includes\Include</Filter>
    </ClInclude>
    <ClInclude Include="Include\des.h">
      <Filter>Includes\Include</Filter>
    </ClInclude>
    <ClInclude Include="Include\dh.h">
      <Filter>Includes\Include</Filter>
    </ClInclude>
    <ClInclude Include="Include\dh2.h">
      <Filter>Includes\Include</Filter>
    </ClInclude>
    <ClInclude Include="Include\dll.h">
      <Filter>Includes\Include</Filter>
    </ClInclude>
    <ClInclude Include="Include\dmac.h">
      <Filter>Includes\Include</Filter>
    </ClInclude>
    <ClInclude Include="Include\donna.h">
      <Filter>Includes\Include</Filter>
    </ClInclude>
    <ClInclude Include="Include\donna_32.h">
      <Filter>Includes\Include</Filter>
    </ClInclude>
    <ClInclude Include="Include\donna_64.h">
      <Filter>Includes\Include</Filter>
    </ClInclude>
    <ClInclude Include="Include\donna_sse.h">
      <Filter>Includes\Include</Filter>
    </ClInclude>
    <ClInclude Include="Include\drbg.h">
      <Filter>Includes\Include</Filter>
    </ClInclude>
    <ClInclude Include="Include\dsa.h">
      <Filter>Includes\Include</Filter>
    </ClInclude>
    <ClInclude Include="Include\eax.h">
      <Filter>Includes\Include</Filter>
    </ClInclude>
    <ClInclude Include="Include\ec2n.h">
      <Filter>Includes\Include</Filter>
    </ClInclude>
    <ClInclude Include="Include\eccrypto.h">
      <Filter>Includes\Include</Filter>
    </ClInclude>
    <ClInclude Include="Include\ecp.h">
      <Filter>Includes\Include</Filter>
    </ClInclude>
    <ClInclude Include="Include\ecpoint.h">
      <Filter>Includes\Include</Filter>
    </ClInclude>
    <ClInclude Include="Include\elgamal.h">
      <Filter>Includes\Include</Filter>
    </ClInclude>
    <ClInclude Include="Include\emsa2.h">
      <Filter>Includes\Include</Filter>
    </ClInclude>
    <ClInclude Include="Include\eprecomp.h">
      <Filter>Includes\Include</Filter>
    </ClInclude>
    <ClInclude Include="Include\esign.h">
      <Filter>Includes\Include</Filter>
    </ClInclude>
    <ClInclude Include="Include\factory.h">
      <Filter>Includes\Include</Filter>
    </ClInclude>
    <ClInclude Include="Include\fhmqv.h">
      <Filter>Includes\Include</Filter>
    </ClInclude>
    <ClInclude Include="Include\files.h">
      <Filter>Includes\Include</Filter>
    </ClInclude>
    <ClInclude Include="Include\filters.h">
      <Filter>Includes\Include</Filter>
    </ClInclude>
    <ClInclude Include="Include\fips140.h">
      <Filter>Includes\Include</Filter>
    </ClInclude>
    <ClInclude Include="Include\fltrimpl.h">
      <Filter>Includes\Include</Filter>
    </ClInclude>
    <ClInclude Include="Include\gcm.h">
      <Filter>Includes\Include</Filter>
    </ClInclude>
    <ClInclude Include="Include\gf2_32.h">
      <Filter>Includes\Include</Filter>
    </ClInclude>
    <ClInclude Include="Include\gf2n.h">
      <Filter>Includes\Include</Filter>
    </ClInclude>
    <ClInclude Include="Include\gf256.h">
      <Filter>Includes\Include</Filter>
    </ClInclude>
    <ClInclude Include="Include\gfpcrypt.h">
      <Filter>Includes\Include</Filter>
    </ClInclude>
    <ClInclude Include="Include\gost.h">
      <Filter>Includes\Include</Filter>
    </ClInclude>
    <ClInclude Include="Include\gzip.h">
      <Filter>Includes\Include</Filter>
    </ClInclude>
    <ClInclude Include="Include\hashfwd.h">
      <Filter>Includes\Include</Filter>
    </ClInclude>
    <ClInclude Include="Include\hc128.h">
      <Filter>Includes\Include</Filter>
    </ClInclude>
    <ClInclude Include="Include\hc256.h">
      <Filter>Includes\Include</Filter>
    </ClInclude>
    <ClInclude Include="Include\hex.h">
      <Filter>Includes\Include</Filter>
    </ClInclude>
    <ClInclude Include="Include\hight.h">
      <Filter>Includes\Include</Filter>
    </ClInclude>
    <ClInclude Include="Include\hkdf.h">
      <Filter>Includes\Include</Filter>
    </ClInclude>
    <ClInclude Include="Include\hmac.h">
      <Filter>Includes\Include</Filter>
    </ClInclude>
    <ClInclude Include="Include\hmqv.h">
      <Filter>Includes\Include</Filter>
    </ClInclude>
    <ClInclude Include="Include\hrtimer.h">
      <Filter>Includes\Include</Filter>
    </ClInclude>
    <ClInclude Include="Include\ida.h">
      <Filter>Includes\Include</Filter>
    </ClInclude>
    <ClInclude Include="Include\idea.h">
      <Filter>Includes\Include</Filter>
    </ClInclude>
    <ClInclude Include="Include\integer.h">
      <Filter>Includes\Include</Filter>
    </ClInclude>
    <ClInclude Include="Include\iterhash.h">
      <Filter>Includes\Include</Filter>
    </ClInclude>
    <ClInclude Include="Include\kalyna.h">
      <Filter>Includes\Include</Filter>
    </ClInclude>
    <ClInclude Include="Include\keccak.h">
      <Filter>Includes\Include</Filter>
    </ClInclude>
    <ClInclude Include="Include\lea.h">
      <Filter>Includes\Include</Filter>
    </ClInclude>
    <ClInclude Include="Include\lsh.h">
      <Filter>Includes\Include</Filter>
    </ClInclude>
    <ClInclude Include="Include\lubyrack.h">
      <Filter>Includes\Include</Filter>
    </ClInclude>
    <ClInclude Include="Include\luc.h">
      <Filter>Includes\Include</Filter>
    </ClInclude>
    <ClInclude Include="Include\mars.h">
      <Filter>Includes\Include</Filter>
    </ClInclude>
    <ClInclude Include="Include\md2.h">
      <Filter>Includes\Include</Filter>
    </ClInclude>
    <ClInclude Include="Include\md4.h">
      <Filter>Includes\Include</Filter>
    </ClInclude>
    <ClInclude Include="Include\md5.h">
      <Filter>Includes\Include</Filter>
    </ClInclude>
    <ClInclude Include="Include\mdc.h">
      <Filter>Includes\Include</Filter>
    </ClInclude>
    <ClInclude Include="Include\mersenne.h">
      <Filter>Includes\Include</Filter>
    </ClInclude>
    <ClInclude Include="Include\misc.h">
      <Filter>Includes\Include</Filter>
    </ClInclude>
    <ClInclude Include="Include\modarith.h">
      <Filter>Includes\Include</Filter>
    </ClInclude>
    <ClInclude Include="Include\modes.h">
      <Filter>Includes\Include</Filter>
    </ClInclude>
    <ClInclude Include="Include\modexppc.h">
      <Filter>Includes\Include</Filter>
    </ClInclude>
    <ClInclude Include="Include\mqueue.h">
      <Filter>Includes\Include</Filter>
    </ClInclude>
    <ClInclude Include="Include\mqv.h">
      <Filter>Includes\Include</Filter>
    </ClInclude>
    <ClInclude Include="Include\naclite.h">
      <Filter>Includes\Include</Filter>
    </ClInclude>
    <ClInclude Include="Include\nbtheory.h">
      <Filter>Includes\Include</Filter>
    </ClInclude>
    <ClInclude Include="Include\nr.h">
      <Filter>Includes\Include</Filter>
    </ClInclude>
    <ClInclude Include="Include\oaep.h">
      <Filter>Includes\Include</Filter>
    </ClInclude>
    <ClInclude Include="Include\oids.h">
      <Filter>Includes\Include</Filter>
    </ClInclude>
    <ClInclude Include="Include\osrng.h">
      <Filter>Includes\Include</Filter>
    </ClInclude>
    <ClInclude Include="Include\ossig.h">
      <Filter>Includes\Include</Filter>
    </ClInclude>
    <ClInclude Include="Include\padlkrng.h">
      <Filter>Includes\Include</Filter>
    </ClInclude>
    <ClInclude Include="Include\panama.h">
      <Filter>Includes\Include</Filter>
    </ClInclude>
    <ClInclude Include="Include\pch.h">
      <Filter>Includes\Include</Filter>
    </ClInclude>
    <ClInclude Include="Include\pkcspad.h">
      <Filter>Includes\Include</Filter>
    </ClInclude>
    <ClInclude Include="Include\poly1305.h">
      <Filter>Includes\Include</Filter>
    </ClInclude>
    <ClInclude Include="Include\polynomi.h">
      <Filter>Includes\Include</Filter>
    </ClInclude>
    <ClInclude Include="Include\ppc_simd.h">
      <Filter>Includes\Include</Filter>
    </ClInclude>
    <ClInclude Include="Include\pssr.h">
      <Filter>Includes\Include</Filter>
    </ClInclude>
    <ClInclude Include="Include\pubkey.h">
      <Filter>Includes\Include</Filter>
    </ClInclude>
    <ClInclude Include="Include\pwdbased.h">
      <Filter>Includes\Include</Filter>
    </ClInclude>
    <ClInclude Include="Include\queue.h">
      <Filter>Includes\Include</Filter>
    </ClInclude>
    <ClInclude Include="Include\rabbit.h">
      <Filter>Includes\Include</Filter>
    </ClInclude>
    <ClInclude Include="Include\rabin.h">
      <Filter>Includes\Include</Filter>
    </ClInclude>
    <ClInclude Include="Include\randpool.h">
      <Filter>Includes\Include</Filter>
    </ClInclude>
    <ClInclude Include="Include\rc2.h">
      <Filter>Includes\Include</Filter>
    </ClInclude>
    <ClInclude Include="Include\rc5.h">
      <Filter>Includes\Include</Filter>
    </ClInclude>
    <ClInclude Include="Include\rc6.h">
      <Filter>Includes\Include</Filter>
    </ClInclude>
    <ClInclude Include="Include\rdrand.h">
      <Filter>Includes\Include</Filter>
    </ClInclude>
    <ClInclude Include="Include\resource.h">
      <Filter>Includes\Include</Filter>
    </ClInclude>
    <ClInclude Include="Include\rijndael.h">
      <Filter>Includes\Include</Filter>
    </ClInclude>
    <ClInclude Include="Include\ripemd.h">
      <Filter>Includes\Include</Filter>
    </ClInclude>
    <ClInclude Include="Include\rng.h">
      <Filter>Includes\Include</Filter>
    </ClInclude>
    <ClInclude Include="Include\rsa.h">
      <Filter>Includes\Include</Filter>
    </ClInclude>
    <ClInclude Include="Include\rw.h">
      <Filter>Includes\Include</Filter>
    </ClInclude>
    <ClInclude Include="Include\safer.h">
      <Filter>Includes\Include</Filter>
    </ClInclude>
    <ClInclude Include="Include\salsa.h">
      <Filter>Includes\Include</Filter>
    </ClInclude>
    <ClInclude Include="Include\scrypt.h">
      <Filter>Includes\Include</Filter>
    </ClInclude>
    <ClInclude Include="Include\seal.h">
      <Filter>Includes\Include</Filter>
    </ClInclude>
    <ClInclude Include="Include\secblock.h">
      <Filter>Includes\Include</Filter>
    </ClInclude>
    <ClInclude Include="Include\secblockfwd.h">
      <Filter>Includes\Include</Filter>
    </ClInclude>
    <ClInclude Include="Include\seckey.h">
      <Filter>Includes\Include</Filter>
    </ClInclude>
    <ClInclude Include="Include\seed.h">
      <Filter>Includes\Include</Filter>
    </ClInclude>
    <ClInclude Include="Include\serpent.h">
      <Filter>Includes\Include</Filter>
    </ClInclude>
    <ClInclude Include="Include\serpentp.h">
      <Filter>Includes\Include</Filter>
    </ClInclude>
    <ClInclude Include="Include\sha.h">
      <Filter>Includes\Include</Filter>
    </ClInclude>
    <ClInclude Include="Include\sha1_armv4.h">
      <Filter>Includes\Include</Filter>
    </ClInclude>
    <ClInclude Include="Include\sha3.h">
      <Filter>Includes\Include</Filter>
    </ClInclude>
    <ClInclude Include="Include\sha256_armv4.h">
      <Filter>Includes\Include</Filter>
    </ClInclude>
    <ClInclude Include="Include\sha512_armv4.h">
      <Filter>Includes\Include</Filter>
    </ClInclude>
    <ClInclude Include="Include\shacal2.h">
      <Filter>Includes\Include</Filter>
    </ClInclude>
    <ClInclude Include="Include\shake.h">
      <Filter>Includes\Include</Filter>
    </ClInclude>
    <ClInclude Include="Include\shark.h">
      <Filter>Includes\Include</Filter>
    </ClInclude>
    <ClInclude Include="Include\simeck.h">
      <Filter>Includes\Include</Filter>
    </ClInclude>
    <ClInclude Include="Include\simon.h">
      <Filter>Includes\Include</Filter>
    </ClInclude>
    <ClInclude Include="Include\simple.h">
      <Filter>Includes\Include</Filter>
    </ClInclude>
    <ClInclude Include="Include\siphash.h">
      <Filter>Includes\Include</Filter>
    </ClInclude>
    <ClInclude Include="Include\skipjack.h">
      <Filter>Includes\Include</Filter>
    </ClInclude>
    <ClInclude Include="Include\sm3.h">
      <Filter>Includes\Include</Filter>
    </ClInclude>
    <ClInclude Include="Include\sm4.h">
      <Filter>Includes\Include</Filter>
    </ClInclude>
    <ClInclude Include="Include\smartptr.h">
      <Filter>Includes\Include</Filter>
    </ClInclude>
    <ClInclude Include="Include\sosemanuk.h">
      <Filter>Includes\Include</Filter>
    </ClInclude>
    <ClInclude Include="Include\speck.h">
      <Filter>Includes\Include</Filter>
    </ClInclude>
    <ClInclude Include="Include\square.h">
      <Filter>Includes\Include</Filter>
    </ClInclude>
    <ClInclude Include="Include\stdcpp.h">
      <Filter>Includes\Include</Filter>
    </ClInclude>
    <ClInclude Include="Include\strciphr.h">
      <Filter>Includes\Include</Filter>
    </ClInclude>
    <ClInclude Include="Include\tea.h">
      <Filter>Includes\Include</Filter>
    </ClInclude>
    <ClInclude Include="Include\threefish.h">
      <Filter>Includes\Include</Filter>
    </ClInclude>
    <ClInclude Include="Include\tiger.h">
      <Filter>Includes\Include</Filter>
    </ClInclude>
    <ClInclude Include="Include\trap.h">
      <Filter>Includes\Include</Filter>
    </ClInclude>
    <ClInclude Include="Include\trunhash.h">
      <Filter>Includes\Include</Filter>
    </ClInclude>
    <ClInclude Include="Include\ttmac.h">
      <Filter>Includes\Include</Filter>
    </ClInclude>
    <ClInclude Include="Include\tweetnacl.h">
      <Filter>Includes\Include</Filter>
    </ClInclude>
    <ClInclude Include="Include\twofish.h">
      <Filter>Includes\Include</Filter>
    </ClInclude>
    <ClInclude Include="Include\validate.h">
      <Filter>Includes\Include</Filter>
    </ClInclude>
    <ClInclude Include="Include\vmac.h">
      <Filter>Includes\Include</Filter>
    </ClInclude>
    <ClInclude Include="Include\wake.h">
      <Filter>Includes\Include</Filter>
    </ClInclude>
    <ClInclude Include="Include\whrlpool.h">
      <Filter>Includes\Include</Filter>
    </ClInclude>
    <ClInclude Include="Include\words.h">
      <Filter>Includes\Include</Filter>
    </ClInclude>
    <ClInclude Include="Include\xed25519.h">
      <Filter>Includes\Include</Filter>
    </ClInclude>
    <ClInclude Include="Include\xtr.h">
      <Filter>Includes\Include</Filter>
    </ClInclude>
    <ClInclude Include="Include\xtrcrypt.h">
      <Filter>Includes\Include</Filter>
    </ClInclude>
    <ClInclude Include="Include\xts.h">
      <Filter>Includes\Include</Filter>
    </ClInclude>
    <ClInclude Include="Include\zdeflate.h">
      <Filter>Includes\Include</Filter>
    </ClInclude>
    <ClInclude Include="Include\zinflate.h">
      <Filter>Includes\Include</Filter>
    </ClInclude>
    <ClInclude Include="Include\zlib.h">
      <Filter>Includes\Include</Filter>
    </ClInclude>
    <ClInclude Include="Include\3way.h">
      <Filter>Includes\Include</Filter>
    </ClInclude>
    <ClInclude Include="Include\adler32.h">
      <Filter>Includes\Include</Filter>
    </ClInclude>
    <ClInclude Include="Include\adv_simd.h">
      <Filter>Includes\Include</Filter>
    </ClInclude>
    <ClInclude Include="Include\aes.h">
      <Filter>Includes\Include</Filter>
    </ClInclude>
    <ClInclude Include="Include\aes_armv4.h">
      <Filter>Includes\Include</Filter>
    </ClInclude>
    <ClInclude Include="Include\algebra.h">
      <Filter>Includes\Include</Filter>
    </ClInclude>
    <ClInclude Include="Include\algparam.h">
      <Filter>Includes\Include</Filter>
    </ClInclude>
    <ClInclude Include="Include\allocate.h">
      <Filter>Includes\Include</Filter>
    </ClInclude>
    <ClInclude Include="Include\arc4.h">
      <Filter>Includes\Include</Filter>
    </ClInclude>
    <ClInclude Include="Include\argnames.h">
      <Filter>Includes\Include</Filter>
    </ClInclude>
    <ClInclude Include="Include\aria.h">
      <Filter>Includes\Include</Filter>
    </ClInclude>
    <ClInclude Include="Misc.h">
      <Filter>Includes</Filter>
    </ClInclude>
    <ClInclude Include="AsymmetricCrypto.h">
      <Filter>Includes</Filter>
    </ClInclude>
  </ItemGroup>
  <ItemGroup>
    <ClCompile Include="MyCrypto.cpp">
      <Filter>Source</Filter>
    </ClCompile>
    <ClCompile Include="pch.cpp">
      <Filter>Source</Filter>
    </ClCompile>
    <ClCompile Include="Misc.cpp">
      <Filter>Source</Filter>
    </ClCompile>
    <ClCompile Include="AsymmetricCrypto.cpp">
      <Filter>Source</Filter>
    </ClCompile>
  </ItemGroup>
</Project>