<?xml version="1.0" encoding="utf-8"?>
<Project ToolsVersion="4.0" xmlns="http://schemas.microsoft.com/developer/msbuild/2003">
  <ItemGroup>
    <Filter Include="Includes">
      <UniqueIdentifier>{93995380-89BD-4b04-88EB-625FBE52EBFB}</UniqueIdentifier>
      <Extensions>h;hh;hpp;hxx;h++;hm;inl;inc;ipp;xsd</Extensions>
    </Filter>
    <Filter Include="Includes\MsgStruct">
      <UniqueIdentifier>{b28d4850-9db8-4970-ade6-d56a6a8e5f20}</UniqueIdentifier>
    </Filter>
    <Filter Include="Sources">
      <UniqueIdentifier>{4FC737F1-C7A5-4376-A066-2A32D752A2FF}</UniqueIdentifier>
      <Extensions>cpp;c;cc;cxx;c++;cppm;ixx;def;odl;idl;hpj;bat;asm;asmx</Extensions>
    </Filter>
    <Filter Include="Sources\MsgStruct">
      <UniqueIdentifier>{53d55b91-b630-4fb0-8cd2-68bd263aaf3a}</UniqueIdentifier>
    </Filter>
  </ItemGroup>
  <ItemGroup>
    <ClInclude Include="pch.h">
      <Filter>Includes</Filter>
    </ClInclude>
    <ClInclude Include="MyMsgPack.h">
      <Filter>Includes</Filter>
    </ClInclude>
    <ClInclude Include="MsgStruct\MainSocket.h">
      <Filter>Includes\MsgStruct</Filter>
    </ClInclude>
    <ClInclude Include="MsgStruct\GeneralSocket.h">
      <Filter>Includes\MsgStruct</Filter>
    </ClInclude>
    <ClInclude Include="MsgStruct\RemoteShell.h">
      <Filter>Includes\MsgStruct</Filter>
    </ClInclude>
    <ClInclude Include="MsgStruct\ImageCapture.h">
      <Filter>Includes\MsgStruct</Filter>
    </ClInclude>
    <ClInclude Include="MsgStruct\FileTransfer.h">
      <Filter>Includes\MsgStruct</Filter>
    </ClInclude>
    <ClInclude Include="MsgStruct\DesktopMonitor.h">
      <Filter>Includes\MsgStruct</Filter>
    </ClInclude>
  </ItemGroup>
  <ItemGroup>
    <ClCompile Include="MyMsgPack.cpp">
      <Filter>Sources</Filter>
    </ClCompile>
    <ClCompile Include="pch.cpp">
      <Filter>Sources</Filter>
    </ClCompile>
    <ClCompile Include="MsgStruct\GeneralSocket.cpp">
      <Filter>Sources\MsgStruct</Filter>
    </ClCompile>
  </ItemGroup>
</Project>